
Microsoft Visual Studio Solution File, Format Version 12.00
# Visual Studio 15
VisualStudioVersion = 15.0.28307.757
MinimumVisualStudioVersion = 10.0.40219.1
Project("{FAE04EC0-301F-11D3-BF4B-00C04F79EFBC}") = "BLL", "BLL\BLL.csproj", "{1FDCF595-24E9-4A8C-9F5C-B9E66602D31A}"
EndProject
Project("{FAE04EC0-301F-11D3-BF4B-00C04F79EFBC}") = "DAL", "DAL\DAL.csproj", "{716B197E-5090-4115-9FEE-3DC749FC77A0}"
EndProject
Project("{FAE04EC0-301F-11D3-BF4B-00C04F79EFBC}") = "UI", "UI\UI.csproj", "{399DB155-7164-4B9F-9F09-09D5FA2588E5}"
EndProject
Project("{FAE04EC0-301F-11D3-BF4B-00C04F79EFBC}") = "MODELS", "MODELS\MODELS.csproj", "{65BB8366-A891-4CC2-9BF7-59F5C371E710}"
EndProject
Global
	GlobalSection(SolutionConfigurationPlatforms) = preSolution
		Debug|Any CPU = Debug|Any CPU
		Debug|ARM = Debug|ARM
		Debug|ARM64 = Debug|ARM64
		Debug|x64 = Debug|x64
		Debug|x86 = Debug|x86
		Release|Any CPU = Release|Any CPU
		Release|ARM = Release|ARM
		Release|ARM64 = Release|ARM64
		Release|x64 = Release|x64
		Release|x86 = Release|x86
	EndGlobalSection
	GlobalSection(ProjectConfigurationPlatforms) = postSolution
		{1FDCF595-24E9-4A8C-9F5C-B9E66602D31A}.Debug|Any CPU.ActiveCfg = Debug|Any CPU
		{1FDCF595-24E9-4A8C-9F5C-B9E66602D31A}.Debug|Any CPU.Build.0 = Debug|Any CPU
		{1FDCF595-24E9-4A8C-9F5C-B9E66602D31A}.Debug|ARM.ActiveCfg = Debug|ARM
		{1FDCF595-24E9-4A8C-9F5C-B9E66602D31A}.Debug|ARM.Build.0 = Debug|ARM
		{1FDCF595-24E9-4A8C-9F5C-B9E66602D31A}.Debug|ARM64.ActiveCfg = Debug|ARM64
		{1FDCF595-24E9-4A8C-9F5C-B9E66602D31A}.Debug|ARM64.Build.0 = Debug|ARM64
		{1FDCF595-24E9-4A8C-9F5C-B9E66602D31A}.Debug|x64.ActiveCfg = Debug|x64
		{1FDCF595-24E9-4A8C-9F5C-B9E66602D31A}.Debug|x64.Build.0 = Debug|x64
		{1FDCF595-24E9-4A8C-9F5C-B9E66602D31A}.Debug|x86.ActiveCfg = Debug|x86
		{1FDCF595-24E9-4A8C-9F5C-B9E66602D31A}.Debug|x86.Build.0 = Debug|x86
		{1FDCF595-24E9-4A8C-9F5C-B9E66602D31A}.Release|Any CPU.ActiveCfg = Release|Any CPU
		{1FDCF595-24E9-4A8C-9F5C-B9E66602D31A}.Release|Any CPU.Build.0 = Release|Any CPU
		{1FDCF595-24E9-4A8C-9F5C-B9E66602D31A}.Release|ARM.ActiveCfg = Release|ARM
		{1FDCF595-24E9-4A8C-9F5C-B9E66602D31A}.Release|ARM.Build.0 = Release|ARM
		{1FDCF595-24E9-4A8C-9F5C-B9E66602D31A}.Release|ARM64.ActiveCfg = Release|ARM64
		{1FDCF595-24E9-4A8C-9F5C-B9E66602D31A}.Release|ARM64.Build.0 = Release|ARM64
		{1FDCF595-24E9-4A8C-9F5C-B9E66602D31A}.Release|x64.ActiveCfg = Release|x64
		{1FDCF595-24E9-4A8C-9F5C-B9E66602D31A}.Release|x64.Build.0 = Release|x64
		{1FDCF595-24E9-4A8C-9F5C-B9E66602D31A}.Release|x86.ActiveCfg = Release|x86
		{1FDCF595-24E9-4A8C-9F5C-B9E66602D31A}.Release|x86.Build.0 = Release|x86
		{716B197E-5090-4115-9FEE-3DC749FC77A0}.Debug|Any CPU.ActiveCfg = Debug|Any CPU
		{716B197E-5090-4115-9FEE-3DC749FC77A0}.Debug|Any CPU.Build.0 = Debug|Any CPU
		{716B197E-5090-4115-9FEE-3DC749FC77A0}.Debug|ARM.ActiveCfg = Debug|ARM
		{716B197E-5090-4115-9FEE-3DC749FC77A0}.Debug|ARM.Build.0 = Debug|ARM
		{716B197E-5090-4115-9FEE-3DC749FC77A0}.Debug|ARM64.ActiveCfg = Debug|ARM64
		{716B197E-5090-4115-9FEE-3DC749FC77A0}.Debug|ARM64.Build.0 = Debug|ARM64
		{716B197E-5090-4115-9FEE-3DC749FC77A0}.Debug|x64.ActiveCfg = Debug|x64
		{716B197E-5090-4115-9FEE-3DC749FC77A0}.Debug|x64.Build.0 = Debug|x64
		{716B197E-5090-4115-9FEE-3DC749FC77A0}.Debug|x86.ActiveCfg = Debug|x86
		{716B197E-5090-4115-9FEE-3DC749FC77A0}.Debug|x86.Build.0 = Debug|x86
		{716B197E-5090-4115-9FEE-3DC749FC77A0}.Release|Any CPU.ActiveCfg = Release|Any CPU
		{716B197E-5090-4115-9FEE-3DC749FC77A0}.Release|Any CPU.Build.0 = Release|Any CPU
		{716B197E-5090-4115-9FEE-3DC749FC77A0}.Release|ARM.ActiveCfg = Release|ARM
		{716B197E-5090-4115-9FEE-3DC749FC77A0}.Release|ARM.Build.0 = Release|ARM
		{716B197E-5090-4115-9FEE-3DC749FC77A0}.Release|ARM64.ActiveCfg = Release|ARM64
		{716B197E-5090-4115-9FEE-3DC749FC77A0}.Release|ARM64.Build.0 = Release|ARM64
		{716B197E-5090-4115-9FEE-3DC749FC77A0}.Release|x64.ActiveCfg = Release|x64
		{716B197E-5090-4115-9FEE-3DC749FC77A0}.Release|x64.Build.0 = Release|x64
		{716B197E-5090-4115-9FEE-3DC749FC77A0}.Release|x86.ActiveCfg = Release|x86
		{716B197E-5090-4115-9FEE-3DC749FC77A0}.Release|x86.Build.0 = Release|x86
		{399DB155-7164-4B9F-9F09-09D5FA2588E5}.Debug|Any CPU.ActiveCfg = Debug|Any CPU
		{399DB155-7164-4B9F-9F09-09D5FA2588E5}.Debug|Any CPU.Build.0 = Debug|Any CPU
		{399DB155-7164-4B9F-9F09-09D5FA2588E5}.Debug|ARM.ActiveCfg = Debug|ARM
		{399DB155-7164-4B9F-9F09-09D5FA2588E5}.Debug|ARM.Build.0 = Debug|ARM
		{399DB155-7164-4B9F-9F09-09D5FA2588E5}.Debug|ARM64.ActiveCfg = Debug|ARM64
		{399DB155-7164-4B9F-9F09-09D5FA2588E5}.Debug|ARM64.Build.0 = Debug|ARM64
		{399DB155-7164-4B9F-9F09-09D5FA2588E5}.Debug|x64.ActiveCfg = Debug|x64
		{399DB155-7164-4B9F-9F09-09D5FA2588E5}.Debug|x64.Build.0 = Debug|x64
		{399DB155-7164-4B9F-9F09-09D5FA2588E5}.Debug|x86.ActiveCfg = Debug|x86
		{399DB155-7164-4B9F-9F09-09D5FA2588E5}.Debug|x86.Build.0 = Debug|x86
		{399DB155-7164-4B9F-9F09-09D5FA2588E5}.Release|Any CPU.ActiveCfg = Release|Any CPU
		{399DB155-7164-4B9F-9F09-09D5FA2588E5}.Release|Any CPU.Build.0 = Release|Any CPU
		{399DB155-7164-4B9F-9F09-09D5FA2588E5}.Release|ARM.ActiveCfg = Release|ARM
		{399DB155-7164-4B9F-9F09-09D5FA2588E5}.Release|ARM.Build.0 = Release|ARM
		{399DB155-7164-4B9F-9F09-09D5FA2588E5}.Release|ARM64.ActiveCfg = Release|ARM64
		{399DB155-7164-4B9F-9F09-09D5FA2588E5}.Release|ARM64.Build.0 = Release|ARM64
		{399DB155-7164-4B9F-9F09-09D5FA2588E5}.Release|x64.ActiveCfg = Release|x64
		{399DB155-7164-4B9F-9F09-09D5FA2588E5}.Release|x64.Build.0 = Release|x64
		{399DB155-7164-4B9F-9F09-09D5FA2588E5}.Release|x86.ActiveCfg = Release|x86
		{399DB155-7164-4B9F-9F09-09D5FA2588E5}.Release|x86.Build.0 = Release|x86
		{65BB8366-A891-4CC2-9BF7-59F5C371E710}.Debug|Any CPU.ActiveCfg = Debug|Any CPU
		{65BB8366-A891-4CC2-9BF7-59F5C371E710}.Debug|Any CPU.Build.0 = Debug|Any CPU
		{65BB8366-A891-4CC2-9BF7-59F5C371E710}.Debug|ARM.ActiveCfg = Debug|ARM
		{65BB8366-A891-4CC2-9BF7-59F5C371E710}.Debug|ARM.Build.0 = Debug|ARM
		{65BB8366-A891-4CC2-9BF7-59F5C371E710}.Debug|ARM64.ActiveCfg = Debug|ARM64
		{65BB8366-A891-4CC2-9BF7-59F5C371E710}.Debug|ARM64.Build.0 = Debug|ARM64
		{65BB8366-A891-4CC2-9BF7-59F5C371E710}.Debug|x64.ActiveCfg = Debug|x64
		{65BB8366-A891-4CC2-9BF7-59F5C371E710}.Debug|x64.Build.0 = Debug|x64
		{65BB8366-A891-4CC2-9BF7-59F5C371E710}.Debug|x86.ActiveCfg = Debug|x86
		{65BB8366-A891-4CC2-9BF7-59F5C371E710}.Debug|x86.Build.0 = Debug|x86
		{65BB8366-A891-4CC2-9BF7-59F5C371E710}.Release|Any CPU.ActiveCfg = Release|Any CPU
		{65BB8366-A891-4CC2-9BF7-59F5C371E710}.Release|Any CPU.Build.0 = Release|Any CPU
		{65BB8366-A891-4CC2-9BF7-59F5C371E710}.Release|ARM.ActiveCfg = Release|ARM
		{65BB8366-A891-4CC2-9BF7-59F5C371E710}.Release|ARM.Build.0 = Release|ARM
		{65BB8366-A891-4CC2-9BF7-59F5C371E710}.Release|ARM64.ActiveCfg = Release|ARM64
		{65BB8366-A891-4CC2-9BF7-59F5C371E710}.Release|ARM64.Build.0 = Release|ARM64
		{65BB8366-A891-4CC2-9BF7-59F5C371E710}.Release|x64.ActiveCfg = Release|x64
		{65BB8366-A891-4CC2-9BF7-59F5C371E710}.Release|x64.Build.0 = Release|x64
		{65BB8366-A891-4CC2-9BF7-59F5C371E710}.Release|x86.ActiveCfg = Release|x86
		{65BB8366-A891-4CC2-9BF7-59F5C371E710}.Release|x86.Build.0 = Release|x86
	EndGlobalSection
	GlobalSection(SolutionProperties) = preSolution
		HideSolutionNode = FALSE
	EndGlobalSection
	GlobalSection(ExtensibilityGlobals) = postSolution
		SolutionGuid = {26428494-F1EF-49D3-A98F-27558CF29C81}
	EndGlobalSection
EndGlobal
